// !$*UTF8*$!
{
	archiveVersion = 1;
	classes = {
	};
	objectVersion = 46;
	objects = {

/* Begin PBXBuildFile section */
		6E9D7A2E14DA3F4400637247 /* UIKit.framework in Frameworks */ = {isa = PBXBuildFile; fileRef = 6E9D7A2D14DA3F4400637247 /* UIKit.framework */; };
		6E9D7A3014DA3F4400637247 /* Foundation.framework in Frameworks */ = {isa = PBXBuildFile; fileRef = 6E9D7A2F14DA3F4400637247 /* Foundation.framework */; };
		6E9D7A3214DA3F4400637247 /* CoreGraphics.framework in Frameworks */ = {isa = PBXBuildFile; fileRef = 6E9D7A3114DA3F4400637247 /* CoreGraphics.framework */; };
		6E9D7A3814DA3F4400637247 /* InfoPlist.strings in Resources */ = {isa = PBXBuildFile; fileRef = 6E9D7A3614DA3F4400637247 /* InfoPlist.strings */; };
		6E9D7A3A14DA3F4400637247 /* main.m in Sources */ = {isa = PBXBuildFile; fileRef = 6E9D7A3914DA3F4400637247 /* main.m */; };
		6E9D7A3E14DA3F4400637247 /* AppDelegate.m in Sources */ = {isa = PBXBuildFile; fileRef = 6E9D7A3D14DA3F4400637247 /* AppDelegate.m */; };
		6E9D7A4114DA3F4400637247 /* MainStoryboard.storyboard in Resources */ = {isa = PBXBuildFile; fileRef = 6E9D7A3F14DA3F4400637247 /* MainStoryboard.storyboard */; };
		6E9D7A4414DA3F4400637247 /* ViewController.m in Sources */ = {isa = PBXBuildFile; fileRef = 6E9D7A4314DA3F4400637247 /* ViewController.m */; };
/* End PBXBuildFile section */

/* Begin PBXFileReference section */
		6E9D7A2914DA3F4400637247 /* MovieBlitz.app */ = {isa = PBXFileReference; explicitFileType = wrapper.application; includeInIndex = 0; path = MovieBlitz.app; sourceTree = BUILT_PRODUCTS_DIR; };
		6E9D7A2D14DA3F4400637247 /* UIKit.framework */ = {isa = PBXFileReference; lastKnownFileType = wrapper.framework; name = UIKit.framework; path = System/Library/Frameworks/UIKit.framework; sourceTree = SDKROOT; };
		6E9D7A2F14DA3F4400637247 /* Foundation.framework */ = {isa = PBXFileReference; lastKnownFileType = wrapper.framework; name = Foundation.framework; path = System/Library/Frameworks/Foundation.framework; sourceTree = SDKROOT; };
		6E9D7A3114DA3F4400637247 /* CoreGraphics.framework */ = {isa = PBXFileReference; lastKnownFileType = wrapper.framework; name = CoreGraphics.framework; path = System/Library/Frameworks/CoreGraphics.framework; sourceTree = SDKROOT; };
		6E9D7A3514DA3F4400637247 /* MovieBlitz-Info.plist */ = {isa = PBXFileReference; path = "MovieBlitz-Info.plist"; sourceTree = "<group>"; };
		6E9D7A3714DA3F4400637247 /* en */ = {isa = PBXFileReference; lastKnownFileType = text.plist.strings; name = en; path = en.lproj/InfoPlist.strings; sourceTree = "<group>"; };
		6E9D7A3914DA3F4400637247 /* main.m */ = {isa = PBXFileReference; lastKnownFileType = sourcecode.c.objc; path = main.m; sourceTree = "<group>"; };
		6E9D7A3B14DA3F4400637247 /* MovieBlitz-Prefix.pch */ = {isa = PBXFileReference; path = "MovieBlitz-Prefix.pch"; sourceTree = "<group>"; };
		6E9D7A3C14DA3F4400637247 /* AppDelegate.h */ = {isa = PBXFileReference; path = AppDelegate.h; sourceTree = "<group>"; };
		6E9D7A3D14DA3F4400637247 /* AppDelegate.m */ = {isa = PBXFileReference; lastKnownFileType = sourcecode.c.objc; path = AppDelegate.m; sourceTree = "<group>"; };
		6E9D7A4014DA3F4400637247 /* en */ = {isa = PBXFileReference; lastKnownFileType = file.storyboard; name = en; path = en.lproj/MainStoryboard.storyboard; sourceTree = "<group>"; };
		6E9D7A4214DA3F4400637247 /* ViewController.h */ = {isa = PBXFileReference; path = ViewController.h; sourceTree = "<group>"; };
		6E9D7A4314DA3F4400637247 /* ViewController.m */ = {isa = PBXFileReference; lastKnownFileType = sourcecode.c.objc; path = ViewController.m; sourceTree = "<group>"; };
/* End PBXFileReference section */

/* Begin PBXFrameworksBuildPhase section */
		6E9D7A2614DA3F4400637247 /* Frameworks */ = {
			isa = PBXFrameworksBuildPhase;
			buildActionMask = 2147483647;
			files = (
				6E9D7A2E14DA3F4400637247 /* UIKit.framework in Frameworks */,
				6E9D7A3014DA3F4400637247 /* Foundation.framework in Frameworks */,
				6E9D7A3214DA3F4400637247 /* CoreGraphics.framework in Frameworks */,
			);
			runOnlyForDeploymentPostprocessing = 0;
		};
/* End PBXFrameworksBuildPhase section */

/* Begin PBXGroup section */
		6E9D7A1E14DA3F4400637247 = {
			isa = PBXGroup;
			children = (
				6E9D7A3314DA3F4400637247 /* MovieBlitz */,
				6E9D7A2C14DA3F4400637247 /* Frameworks */,
				6E9D7A2A14DA3F4400637247 /* Products */,
			);
			sourceTree = "<group>";
		};
		6E9D7A2A14DA3F4400637247 /* Products */ = {
			isa = PBXGroup;
			children = (
				6E9D7A2914DA3F4400637247 /* MovieBlitz.app */,
			);
			name = Products;
			sourceTree = "<group>";
		};
		6E9D7A2C14DA3F4400637247 /* Frameworks */ = {
			isa = PBXGroup;
			children = (
				6E9D7A2D14DA3F4400637247 /* UIKit.framework */,
				6E9D7A2F14DA3F4400637247 /* Foundation.framework */,
				6E9D7A3114DA3F4400637247 /* CoreGraphics.framework */,
			);
			name = Frameworks;
			sourceTree = "<group>";
		};
		6E9D7A3314DA3F4400637247 /* MovieBlitz */ = {
			isa = PBXGroup;
			children = (
				6E9D7A3C14DA3F4400637247 /* AppDelegate.h */,
				6E9D7A3D14DA3F4400637247 /* AppDelegate.m */,
				6E9D7A3F14DA3F4400637247 /* MainStoryboard.storyboard */,
				6E9D7A4214DA3F4400637247 /* ViewController.h */,
				6E9D7A4314DA3F4400637247 /* ViewController.m */,
				6E9D7A3414DA3F4400637247 /* Supporting Files */,
			);
			path = MovieBlitz;
			sourceTree = "<group>";
		};
		6E9D7A3414DA3F4400637247 /* Supporting Files */ = {
			isa = PBXGroup;
			children = (
				6E9D7A3514DA3F4400637247 /* MovieBlitz-Info.plist */,
				6E9D7A3614DA3F4400637247 /* InfoPlist.strings */,
				6E9D7A3914DA3F4400637247 /* main.m */,
				6E9D7A3B14DA3F4400637247 /* MovieBlitz-Prefix.pch */,
			);
			name = "Supporting Files";
			sourceTree = "<group>";
		};
/* End PBXGroup section */

/* Begin PBXNativeTarget section */
		6E9D7A2814DA3F4400637247 /* MovieBlitz */ = {
			isa = PBXNativeTarget;
			buildConfigurationList = 6E9D7A4714DA3F4400637247 /* Build configuration list for PBXNativeTarget "MovieBlitz" */;
			buildPhases = (
				6E9D7A2514DA3F4400637247 /* Sources */,
				6E9D7A2614DA3F4400637247 /* Frameworks */,
				6E9D7A2714DA3F4400637247 /* Resources */,
			);
			buildRules = (
			);
			dependencies = (
			);
			name = MovieBlitz;
			productName = MovieBlitz;
			productReference = 6E9D7A2914DA3F4400637247 /* MovieBlitz.app */;
			productType = "com.apple.product-type.application";
		};
/* End PBXNativeTarget section */

/* Begin PBXProject section */
		6E9D7A2014DA3F4400637247 /* Project object */ = {
			isa = PBXProject;
			attributes = {
				LastUpgradeCheck = 0420;
				ORGANIZATIONNAME = Optionetics;
			};
			buildConfigurationList = 6E9D7A2314DA3F4400637247 /* Build configuration list for PBXProject "MovieBlitz" */;
			compatibilityVersion = "Xcode 3.2";
			developmentRegion = English;
			hasScannedForEncodings = 0;
			knownRegions = (
				en,
			);
			mainGroup = 6E9D7A1E14DA3F4400637247;
			productRefGroup = 6E9D7A2A14DA3F4400637247 /* Products */;
			projectDirPath = "";
			projectRoot = "";
			targets = (
				6E9D7A2814DA3F4400637247 /* MovieBlitz */,
			);
		};
/* End PBXProject section */

/* Begin PBXResourcesBuildPhase section */
		6E9D7A2714DA3F4400637247 /* Resources */ = {
			isa = PBXResourcesBuildPhase;
			buildActionMask = 2147483647;
			files = (
				6E9D7A3814DA3F4400637247 /* InfoPlist.strings in Resources */,
				6E9D7A4114DA3F4400637247 /* MainStoryboard.storyboard in Resources */,
			);
			runOnlyForDeploymentPostprocessing = 0;
		};
/* End PBXResourcesBuildPhase section */

/* Begin PBXSourcesBuildPhase section */
		6E9D7A2514DA3F4400637247 /* Sources */ = {
			isa = PBXSourcesBuildPhase;
			buildActionMask = 2147483647;
			files = (
				6E9D7A3A14DA3F4400637247 /* main.m in Sources */,
				6E9D7A3E14DA3F4400637247 /* AppDelegate.m in Sources */,
				6E9D7A4414DA3F4400637247 /* ViewController.m in Sources */,
			);
			runOnlyForDeploymentPostprocessing = 0;
		};
/* End PBXSourcesBuildPhase section */

/* Begin PBXVariantGroup section */
		6E9D7A3614DA3F4400637247 /* InfoPlist.strings */ = {
			isa = PBXVariantGroup;
			children = (
				6E9D7A3714DA3F4400637247 /* en */,
			);
			name = InfoPlist.strings;
			sourceTree = "<group>";
		};
		6E9D7A3F14DA3F4400637247 /* MainStoryboard.storyboard */ = {
			isa = PBXVariantGroup;
			children = (
				6E9D7A4014DA3F4400637247 /* en */,
			);
			name = MainStoryboard.storyboard;
			sourceTree = "<group>";
		};
/* End PBXVariantGroup section */

/* Begin XCBuildConfiguration section */
		6E9D7A4514DA3F4400637247 /* Debug */ = {
			isa = XCBuildConfiguration;
			buildSettings = {
				ALWAYS_SEARCH_USER_PATHS = NO;
				ARCHS = "$(ARCHS_STANDARD_32_BIT)";
				CLANG_ENABLE_OBJC_ARC = YES;
				"CODE_SIGN_IDENTITY[sdk=iphoneos*]" = "iPhone Developer";
				COPY_PHASE_STRIP = NO;
				GCC_C_LANGUAGE_STANDARD = gnu99;
				GCC_DYNAMIC_NO_PIC = NO;
				GCC_OPTIMIZATION_LEVEL = 0;
				GCC_PREPROCESSOR_DEFINITIONS = (
					"DEBUG=1",
					"$(inherited)",
				);
				GCC_SYMBOLS_PRIVATE_EXTERN = NO;
				GCC_VERSION = com.apple.compilers.llvm.clang.1_0;
				GCC_WARN_ABOUT_MISSING_PROTOTYPES = YES;
				GCC_WARN_ABOUT_RETURN_TYPE = YES;
				GCC_WARN_UNUSED_VARIABLE = YES;
				IPHONEOS_DEPLOYMENT_TARGET = 5.0;
				SDKROOT = iphoneos;
			};
			name = Debug;
		};
		6E9D7A4614DA3F4400637247 /* Release */ = {
			isa = XCBuildConfiguration;
			buildSettings = {
				ALWAYS_SEARCH_USER_PATHS = NO;
				ARCHS = "$(ARCHS_STANDARD_32_BIT)";
				CLANG_ENABLE_OBJC_ARC = YES;
				"CODE_SIGN_IDENTITY[sdk=iphoneos*]" = "iPhone Developer";
				COPY_PHASE_STRIP = YES;
				GCC_C_LANGUAGE_STANDARD = gnu99;
				GCC_VERSION = com.apple.compilers.llvm.clang.1_0;
				GCC_WARN_ABOUT_MISSING_PROTOTYPES = YES;
				GCC_WARN_ABOUT_RETURN_TYPE = YES;
				GCC_WARN_UNUSED_VARIABLE = YES;
				IPHONEOS_DEPLOYMENT_TARGET = 5.0;
				OTHER_CFLAGS = "-DNS_BLOCK_ASSERTIONS=1";
				SDKROOT = iphoneos;
				VALIDATE_PRODUCT = YES;
			};
			name = Release;
		};
		6E9D7A4814DA3F4400637247 /* Debug */ = {
			isa = XCBuildConfiguration;
			buildSettings = {
				GCC_PRECOMPILE_PREFIX_HEADER = YES;
				GCC_PREFIX_HEADER = "MovieBlitz/MovieBlitz-Prefix.pch";
				INFOPLIST_FILE = "MovieBlitz/MovieBlitz-Info.plist";
				PRODUCT_NAME = "$(TARGET_NAME)";
				WRAPPER_EXTENSION = app;
			};
			name = Debug;
		};
		6E9D7A4914DA3F4400637247 /* Release */ = {
			isa = XCBuildConfiguration;
			buildSettings = {
				GCC_PRECOMPILE_PREFIX_HEADER = YES;
				GCC_PREFIX_HEADER = "MovieBlitz/MovieBlitz-Prefix.pch";
				INFOPLIST_FILE = "MovieBlitz/MovieBlitz-Info.plist";
				PRODUCT_NAME = "$(TARGET_NAME)";
				WRAPPER_EXTENSION = app;
			};
			name = Release;
		};
/* End XCBuildConfiguration section */

/* Begin XCConfigurationList section */
		6E9D7A2314DA3F4400637247 /* Build configuration list for PBXProject "MovieBlitz" */ = {
			isa = XCConfigurationList;
			buildConfigurations = (
				6E9D7A4514DA3F4400637247 /* Debug */,
				6E9D7A4614DA3F4400637247 /* Release */,
			);
			defaultConfigurationIsVisible = 0;
			defaultConfigurationName = Release;
		};
		6E9D7A4714DA3F4400637247 /* Build configuration list for PBXNativeTarget "MovieBlitz" */ = {
			isa = XCConfigurationList;
			buildConfigurations = (
				6E9D7A4814DA3F4400637247 /* Debug */,
				6E9D7A4914DA3F4400637247 /* Release */,
			);
			defaultConfigurationIsVisible = 0;
		};
/* End XCConfigurationList section */
	};
	rootObject = 6E9D7A2014DA3F4400637247 /* Project object */;
}
